
Microsoft Visual Studio Solution File, Format Version 12.00
# Visual Studio Version 17
VisualStudioVersion = 17.0.31903.59
MinimumVisualStudioVersion = 10.0.40219.1
Project("{FAE04EC0-301F-11D3-BF4B-00C04F79EFBC}") = "OneDriveFileDownloader.Core", "OneDriveFileDownloader.Core\OneDriveFileDownloader.Core.csproj", "{F1D7525B-80B5-4ACC-8B2D-37516717A9AB}"
EndProject
Project("{FAE04EC0-301F-11D3-BF4B-00C04F79EFBC}") = "OneDriveFileDownloader.Console", "OneDriveFileDownloader.Console\OneDriveFileDownloader.Console.csproj", "{D93CB0EB-D8B4-4B5E-9A17-3187AE4ED757}"
EndProject
Project("{FAE04EC0-301F-11D3-BF4B-00C04F79EFBC}") = "OneDriveFileDownloader.Tests", "OneDriveFileDownloader.Tests\OneDriveFileDownloader.Tests.csproj", "{B78C36C7-6E76-4E41-AAEA-5064F76E05AD}"
EndProject
Project("{FAE04EC0-301F-11D3-BF4B-00C04F79EFBC}") = "OneDriveFileDownloader.WinUI", "OneDriveFileDownloader.WinUI\OneDriveFileDownloader.WinUI.csproj", "{2279F03C-3ED5-4FD1-919B-275D4B034D62}"
EndProject
Project("{FAE04EC0-301F-11D3-BF4B-00C04F79EFBC}") = "OneDriveFileDownloader.Avalonia", "OneDriveFileDownloader.Avalonia\OneDriveFileDownloader.Avalonia.csproj", "{37C01581-721D-4D68-B75D-28602A9E1B1C}"
EndProject
Project("{FAE04EC0-301F-11D3-BF4B-00C04F79EFBC}") = "OneDriveFileDownloader.UI", "OneDriveFileDownloader.UI\OneDriveFileDownloader.UI.csproj", "{525BEB12-B392-42F2-95B8-86E8ADAE2A32}"
EndProject
Global
	GlobalSection(SolutionConfigurationPlatforms) = preSolution
		Debug|Any CPU = Debug|Any CPU
		Debug|x64 = Debug|x64
		Debug|x86 = Debug|x86
		Release|Any CPU = Release|Any CPU
		Release|x64 = Release|x64
		Release|x86 = Release|x86
	EndGlobalSection
	GlobalSection(ProjectConfigurationPlatforms) = postSolution
		{F1D7525B-80B5-4ACC-8B2D-37516717A9AB}.Debug|Any CPU.ActiveCfg = Debug|Any CPU
		{F1D7525B-80B5-4ACC-8B2D-37516717A9AB}.Debug|Any CPU.Build.0 = Debug|Any CPU
		{F1D7525B-80B5-4ACC-8B2D-37516717A9AB}.Debug|x64.ActiveCfg = Debug|Any CPU
		{F1D7525B-80B5-4ACC-8B2D-37516717A9AB}.Debug|x64.Build.0 = Debug|Any CPU
		{F1D7525B-80B5-4ACC-8B2D-37516717A9AB}.Debug|x86.ActiveCfg = Debug|Any CPU
		{F1D7525B-80B5-4ACC-8B2D-37516717A9AB}.Debug|x86.Build.0 = Debug|Any CPU
		{F1D7525B-80B5-4ACC-8B2D-37516717A9AB}.Release|Any CPU.ActiveCfg = Release|Any CPU
		{F1D7525B-80B5-4ACC-8B2D-37516717A9AB}.Release|Any CPU.Build.0 = Release|Any CPU
		{F1D7525B-80B5-4ACC-8B2D-37516717A9AB}.Release|x64.ActiveCfg = Release|Any CPU
		{F1D7525B-80B5-4ACC-8B2D-37516717A9AB}.Release|x64.Build.0 = Release|Any CPU
		{F1D7525B-80B5-4ACC-8B2D-37516717A9AB}.Release|x86.ActiveCfg = Release|Any CPU
		{F1D7525B-80B5-4ACC-8B2D-37516717A9AB}.Release|x86.Build.0 = Release|Any CPU
		{D93CB0EB-D8B4-4B5E-9A17-3187AE4ED757}.Debug|Any CPU.ActiveCfg = Debug|Any CPU
		{D93CB0EB-D8B4-4B5E-9A17-3187AE4ED757}.Debug|Any CPU.Build.0 = Debug|Any CPU
		{D93CB0EB-D8B4-4B5E-9A17-3187AE4ED757}.Debug|x64.ActiveCfg = Debug|Any CPU
		{D93CB0EB-D8B4-4B5E-9A17-3187AE4ED757}.Debug|x64.Build.0 = Debug|Any CPU
		{D93CB0EB-D8B4-4B5E-9A17-3187AE4ED757}.Debug|x86.ActiveCfg = Debug|Any CPU
		{D93CB0EB-D8B4-4B5E-9A17-3187AE4ED757}.Debug|x86.Build.0 = Debug|Any CPU
		{D93CB0EB-D8B4-4B5E-9A17-3187AE4ED757}.Release|Any CPU.ActiveCfg = Release|Any CPU
		{D93CB0EB-D8B4-4B5E-9A17-3187AE4ED757}.Release|Any CPU.Build.0 = Release|Any CPU
		{D93CB0EB-D8B4-4B5E-9A17-3187AE4ED757}.Release|x64.ActiveCfg = Release|Any CPU
		{D93CB0EB-D8B4-4B5E-9A17-3187AE4ED757}.Release|x64.Build.0 = Release|Any CPU
		{D93CB0EB-D8B4-4B5E-9A17-3187AE4ED757}.Release|x86.ActiveCfg = Release|Any CPU
		{D93CB0EB-D8B4-4B5E-9A17-3187AE4ED757}.Release|x86.Build.0 = Release|Any CPU
		{B78C36C7-6E76-4E41-AAEA-5064F76E05AD}.Debug|Any CPU.ActiveCfg = Debug|Any CPU
		{B78C36C7-6E76-4E41-AAEA-5064F76E05AD}.Debug|Any CPU.Build.0 = Debug|Any CPU
		{B78C36C7-6E76-4E41-AAEA-5064F76E05AD}.Debug|x64.ActiveCfg = Debug|Any CPU
		{B78C36C7-6E76-4E41-AAEA-5064F76E05AD}.Debug|x64.Build.0 = Debug|Any CPU
		{B78C36C7-6E76-4E41-AAEA-5064F76E05AD}.Debug|x86.ActiveCfg = Debug|Any CPU
		{B78C36C7-6E76-4E41-AAEA-5064F76E05AD}.Debug|x86.Build.0 = Debug|Any CPU
		{B78C36C7-6E76-4E41-AAEA-5064F76E05AD}.Release|Any CPU.ActiveCfg = Release|Any CPU
		{B78C36C7-6E76-4E41-AAEA-5064F76E05AD}.Release|Any CPU.Build.0 = Release|Any CPU
		{B78C36C7-6E76-4E41-AAEA-5064F76E05AD}.Release|x64.ActiveCfg = Release|Any CPU
		{B78C36C7-6E76-4E41-AAEA-5064F76E05AD}.Release|x64.Build.0 = Release|Any CPU
		{B78C36C7-6E76-4E41-AAEA-5064F76E05AD}.Release|x86.ActiveCfg = Release|Any CPU
		{B78C36C7-6E76-4E41-AAEA-5064F76E05AD}.Release|x86.Build.0 = Release|Any CPU
		{2279F03C-3ED5-4FD1-919B-275D4B034D62}.Debug|Any CPU.ActiveCfg = Debug|Any CPU
		{2279F03C-3ED5-4FD1-919B-275D4B034D62}.Debug|x64.ActiveCfg = Debug|Any CPU
		{2279F03C-3ED5-4FD1-919B-275D4B034D62}.Debug|x86.ActiveCfg = Debug|Any CPU
		{2279F03C-3ED5-4FD1-919B-275D4B034D62}.Release|Any CPU.ActiveCfg = Release|Any CPU
		{2279F03C-3ED5-4FD1-919B-275D4B034D62}.Release|x64.ActiveCfg = Release|Any CPU
		{2279F03C-3ED5-4FD1-919B-275D4B034D62}.Release|x86.ActiveCfg = Release|Any CPU
		{37C01581-721D-4D68-B75D-28602A9E1B1C}.Debug|Any CPU.ActiveCfg = Debug|Any CPU
		{37C01581-721D-4D68-B75D-28602A9E1B1C}.Debug|Any CPU.Build.0 = Debug|Any CPU
		{37C01581-721D-4D68-B75D-28602A9E1B1C}.Debug|x64.ActiveCfg = Debug|Any CPU
		{37C01581-721D-4D68-B75D-28602A9E1B1C}.Debug|x64.Build.0 = Debug|Any CPU
		{37C01581-721D-4D68-B75D-28602A9E1B1C}.Debug|x86.ActiveCfg = Debug|Any CPU
		{37C01581-721D-4D68-B75D-28602A9E1B1C}.Debug|x86.Build.0 = Debug|Any CPU
		{37C01581-721D-4D68-B75D-28602A9E1B1C}.Release|Any CPU.ActiveCfg = Release|Any CPU
		{37C01581-721D-4D68-B75D-28602A9E1B1C}.Release|Any CPU.Build.0 = Release|Any CPU
		{37C01581-721D-4D68-B75D-28602A9E1B1C}.Release|x64.ActiveCfg = Release|Any CPU
		{37C01581-721D-4D68-B75D-28602A9E1B1C}.Release|x64.Build.0 = Release|Any CPU
		{37C01581-721D-4D68-B75D-28602A9E1B1C}.Release|x86.ActiveCfg = Release|Any CPU
		{37C01581-721D-4D68-B75D-28602A9E1B1C}.Release|x86.Build.0 = Release|Any CPU
		{525BEB12-B392-42F2-95B8-86E8ADAE2A32}.Debug|Any CPU.ActiveCfg = Debug|Any CPU
		{525BEB12-B392-42F2-95B8-86E8ADAE2A32}.Debug|Any CPU.Build.0 = Debug|Any CPU
		{525BEB12-B392-42F2-95B8-86E8ADAE2A32}.Debug|x64.ActiveCfg = Debug|Any CPU
		{525BEB12-B392-42F2-95B8-86E8ADAE2A32}.Debug|x64.Build.0 = Debug|Any CPU
		{525BEB12-B392-42F2-95B8-86E8ADAE2A32}.Debug|x86.ActiveCfg = Debug|Any CPU
		{525BEB12-B392-42F2-95B8-86E8ADAE2A32}.Debug|x86.Build.0 = Debug|Any CPU
		{525BEB12-B392-42F2-95B8-86E8ADAE2A32}.Release|Any CPU.ActiveCfg = Release|Any CPU
		{525BEB12-B392-42F2-95B8-86E8ADAE2A32}.Release|Any CPU.Build.0 = Release|Any CPU
		{525BEB12-B392-42F2-95B8-86E8ADAE2A32}.Release|x64.ActiveCfg = Release|Any CPU
		{525BEB12-B392-42F2-95B8-86E8ADAE2A32}.Release|x64.Build.0 = Release|Any CPU
		{525BEB12-B392-42F2-95B8-86E8ADAE2A32}.Release|x86.ActiveCfg = Release|Any CPU
		{525BEB12-B392-42F2-95B8-86E8ADAE2A32}.Release|x86.Build.0 = Release|Any CPU
	EndGlobalSection
	GlobalSection(SolutionProperties) = preSolution
		HideSolutionNode = FALSE
	EndGlobalSection
EndGlobal
